// !$*UTF8*$!
{
	archiveVersion = 1;
	classes = {
	};
	objectVersion = 50;
	objects = {

/* Begin PBXBuildFile section */
		2976E2C1254A55C70018CAB3 /* AppDelegate.swift in Sources */ = {isa = PBXBuildFile; fileRef = 2976E2C0254A55C70018CAB3 /* AppDelegate.swift */; };
		2976E2C3254A55C70018CAB3 /* SceneDelegate.swift in Sources */ = {isa = PBXBuildFile; fileRef = 2976E2C2254A55C70018CAB3 /* SceneDelegate.swift */; };
		2976E2C5254A55C70018CAB3 /* ViewController.swift in Sources */ = {isa = PBXBuildFile; fileRef = 2976E2C4254A55C70018CAB3 /* ViewController.swift */; };
		2976E2C8254A55C70018CAB3 /* Main.storyboard in Resources */ = {isa = PBXBuildFile; fileRef = 2976E2C6254A55C70018CAB3 /* Main.storyboard */; };
		2976E2CA254A55CE0018CAB3 /* Assets.xcassets in Resources */ = {isa = PBXBuildFile; fileRef = 2976E2C9254A55CE0018CAB3 /* Assets.xcassets */; };
		2976E2CD254A55CE0018CAB3 /* LaunchScreen.storyboard in Resources */ = {isa = PBXBuildFile; fileRef = 2976E2CB254A55CE0018CAB3 /* LaunchScreen.storyboard */; };
		2976E2D8254A56270018CAB3 /* Login.storyboard in Resources */ = {isa = PBXBuildFile; fileRef = 2976E2D7254A56270018CAB3 /* Login.storyboard */; };
		2976E2DA254A568F0018CAB3 /* LoginViewController.swift in Sources */ = {isa = PBXBuildFile; fileRef = 2976E2D9254A568F0018CAB3 /* LoginViewController.swift */; };
		2976E2DD254A56FE0018CAB3 /* LoginProtocols.swift in Sources */ = {isa = PBXBuildFile; fileRef = 2976E2DC254A56FE0018CAB3 /* LoginProtocols.swift */; };
		2976E2E0254A594A0018CAB3 /* LoginController.swift in Sources */ = {isa = PBXBuildFile; fileRef = 2976E2DF254A594A0018CAB3 /* LoginController.swift */; };
		2976E2E4254A656D0018CAB3 /* LoginWireframe.swift in Sources */ = {isa = PBXBuildFile; fileRef = 2976E2E3254A656D0018CAB3 /* LoginWireframe.swift */; };
		2976E2E9254A681C0018CAB3 /* Register.storyboard in Resources */ = {isa = PBXBuildFile; fileRef = 2976E2E8254A681C0018CAB3 /* Register.storyboard */; };
		2976E2EB254A683B0018CAB3 /* RegisterViewController.swift in Sources */ = {isa = PBXBuildFile; fileRef = 2976E2EA254A683B0018CAB3 /* RegisterViewController.swift */; };
		2976E2EF254A69100018CAB3 /* RegisterProtocols.swift in Sources */ = {isa = PBXBuildFile; fileRef = 2976E2EE254A69100018CAB3 /* RegisterProtocols.swift */; };
		2976E2F1254A69600018CAB3 /* RegisterWireFrame.swift in Sources */ = {isa = PBXBuildFile; fileRef = 2976E2F0254A69600018CAB3 /* RegisterWireFrame.swift */; };
		2976E2F3254A69E90018CAB3 /* RegisterController.swift in Sources */ = {isa = PBXBuildFile; fileRef = 2976E2F2254A69E90018CAB3 /* RegisterController.swift */; };
/* End PBXBuildFile section */

/* Begin PBXFileReference section */
		2976E2BD254A55C70018CAB3 /* LoginApp.app */ = {isa = PBXFileReference; explicitFileType = wrapper.application; includeInIndex = 0; path = LoginApp.app; sourceTree = BUILT_PRODUCTS_DIR; };
		2976E2C0254A55C70018CAB3 /* AppDelegate.swift */ = {isa = PBXFileReference; lastKnownFileType = sourcecode.swift; path = AppDelegate.swift; sourceTree = "<group>"; };
		2976E2C2254A55C70018CAB3 /* SceneDelegate.swift */ = {isa = PBXFileReference; lastKnownFileType = sourcecode.swift; path = SceneDelegate.swift; sourceTree = "<group>"; };
		2976E2C4254A55C70018CAB3 /* ViewController.swift */ = {isa = PBXFileReference; lastKnownFileType = sourcecode.swift; path = ViewController.swift; sourceTree = "<group>"; };
		2976E2C7254A55C70018CAB3 /* Base */ = {isa = PBXFileReference; lastKnownFileType = file.storyboard; name = Base; path = Base.lproj/Main.storyboard; sourceTree = "<group>"; };
		2976E2C9254A55CE0018CAB3 /* Assets.xcassets */ = {isa = PBXFileReference; lastKnownFileType = folder.assetcatalog; path = Assets.xcassets; sourceTree = "<group>"; };
		2976E2CC254A55CE0018CAB3 /* Base */ = {isa = PBXFileReference; lastKnownFileType = file.storyboard; name = Base; path = Base.lproj/LaunchScreen.storyboard; sourceTree = "<group>"; };
		2976E2CE254A55CE0018CAB3 /* Info.plist */ = {isa = PBXFileReference; lastKnownFileType = text.plist.xml; path = Info.plist; sourceTree = "<group>"; };
		2976E2D7254A56270018CAB3 /* Login.storyboard */ = {isa = PBXFileReference; lastKnownFileType = file.storyboard; path = Login.storyboard; sourceTree = "<group>"; };
		2976E2D9254A568F0018CAB3 /* LoginViewController.swift */ = {isa = PBXFileReference; lastKnownFileType = sourcecode.swift; path = LoginViewController.swift; sourceTree = "<group>"; };
		2976E2DC254A56FE0018CAB3 /* LoginProtocols.swift */ = {isa = PBXFileReference; lastKnownFileType = sourcecode.swift; path = LoginProtocols.swift; sourceTree = "<group>"; };
		2976E2DF254A594A0018CAB3 /* LoginController.swift */ = {isa = PBXFileReference; lastKnownFileType = sourcecode.swift; path = LoginController.swift; sourceTree = "<group>"; };
		2976E2E3254A656D0018CAB3 /* LoginWireframe.swift */ = {isa = PBXFileReference; lastKnownFileType = sourcecode.swift; path = LoginWireframe.swift; sourceTree = "<group>"; };
		2976E2E8254A681C0018CAB3 /* Register.storyboard */ = {isa = PBXFileReference; lastKnownFileType = file.storyboard; path = Register.storyboard; sourceTree = "<group>"; };
		2976E2EA254A683B0018CAB3 /* RegisterViewController.swift */ = {isa = PBXFileReference; lastKnownFileType = sourcecode.swift; path = RegisterViewController.swift; sourceTree = "<group>"; };
		2976E2EE254A69100018CAB3 /* RegisterProtocols.swift */ = {isa = PBXFileReference; lastKnownFileType = sourcecode.swift; path = RegisterProtocols.swift; sourceTree = "<group>"; };
		2976E2F0254A69600018CAB3 /* RegisterWireFrame.swift */ = {isa = PBXFileReference; lastKnownFileType = sourcecode.swift; path = RegisterWireFrame.swift; sourceTree = "<group>"; };
		2976E2F2254A69E90018CAB3 /* RegisterController.swift */ = {isa = PBXFileReference; lastKnownFileType = sourcecode.swift; path = RegisterController.swift; sourceTree = "<group>"; };
/* End PBXFileReference section */

/* Begin PBXFrameworksBuildPhase section */
		2976E2BA254A55C70018CAB3 /* Frameworks */ = {
			isa = PBXFrameworksBuildPhase;
			buildActionMask = 2147483647;
			files = (
			);
			runOnlyForDeploymentPostprocessing = 0;
		};
/* End PBXFrameworksBuildPhase section */

/* Begin PBXGroup section */
		2976E2B4254A55C60018CAB3 = {
			isa = PBXGroup;
			children = (
				2976E2BF254A55C70018CAB3 /* LoginApp */,
				2976E2BE254A55C70018CAB3 /* Products */,
			);
			sourceTree = "<group>";
		};
		2976E2BE254A55C70018CAB3 /* Products */ = {
			isa = PBXGroup;
			children = (
				2976E2BD254A55C70018CAB3 /* LoginApp.app */,
			);
			name = Products;
			sourceTree = "<group>";
		};
		2976E2BF254A55C70018CAB3 /* LoginApp */ = {
			isa = PBXGroup;
			children = (
				2976E2E5254A67F40018CAB3 /* Register */,
				2976E2D5254A55E50018CAB3 /* Login */,
				2976E2C0254A55C70018CAB3 /* AppDelegate.swift */,
				2976E2C2254A55C70018CAB3 /* SceneDelegate.swift */,
				2976E2C4254A55C70018CAB3 /* ViewController.swift */,
				2976E2C6254A55C70018CAB3 /* Main.storyboard */,
				2976E2C9254A55CE0018CAB3 /* Assets.xcassets */,
				2976E2CB254A55CE0018CAB3 /* LaunchScreen.storyboard */,
				2976E2CE254A55CE0018CAB3 /* Info.plist */,
			);
			path = LoginApp;
			sourceTree = "<group>";
		};
		2976E2D5254A55E50018CAB3 /* Login */ = {
			isa = PBXGroup;
			children = (
				2976E2E2254A65300018CAB3 /* Wireframe */,
				2976E2DE254A59330018CAB3 /* Controller */,
				2976E2DB254A56CE0018CAB3 /* Protocols */,
				2976E2D6254A560B0018CAB3 /* View */,
			);
			name = Login;
			sourceTree = "<group>";
		};
		2976E2D6254A560B0018CAB3 /* View */ = {
			isa = PBXGroup;
			children = (
				2976E2D7254A56270018CAB3 /* Login.storyboard */,
				2976E2D9254A568F0018CAB3 /* LoginViewController.swift */,
			);
			path = View;
			sourceTree = "<group>";
		};
		2976E2DB254A56CE0018CAB3 /* Protocols */ = {
			isa = PBXGroup;
			children = (
				2976E2DC254A56FE0018CAB3 /* LoginProtocols.swift */,
			);
			name = Protocols;
			sourceTree = "<group>";
		};
		2976E2DE254A59330018CAB3 /* Controller */ = {
			isa = PBXGroup;
			children = (
				2976E2DF254A594A0018CAB3 /* LoginController.swift */,
			);
			name = Controller;
			sourceTree = "<group>";
		};
		2976E2E2254A65300018CAB3 /* Wireframe */ = {
			isa = PBXGroup;
			children = (
				2976E2E3254A656D0018CAB3 /* LoginWireframe.swift */,
			);
			name = Wireframe;
			sourceTree = "<group>";
		};
		2976E2E5254A67F40018CAB3 /* Register */ = {
			isa = PBXGroup;
			children = (
				2976E2ED254A68EC0018CAB3 /* Protocols */,
				2976E2EC254A68D70018CAB3 /* WireFrame */,
				2976E2E7254A68070018CAB3 /* Controller */,
				2976E2E6254A68000018CAB3 /* View */,
			);
			path = Register;
			sourceTree = "<group>";
		};
		2976E2E6254A68000018CAB3 /* View */ = {
			isa = PBXGroup;
			children = (
				2976E2E8254A681C0018CAB3 /* Register.storyboard */,
				2976E2EA254A683B0018CAB3 /* RegisterViewController.swift */,
			);
			path = View;
			sourceTree = "<group>";
		};
		2976E2E7254A68070018CAB3 /* Controller */ = {
			isa = PBXGroup;
			children = (
				2976E2F2254A69E90018CAB3 /* RegisterController.swift */,
			);
			path = Controller;
			sourceTree = "<group>";
		};
		2976E2EC254A68D70018CAB3 /* WireFrame */ = {
			isa = PBXGroup;
			children = (
				2976E2F0254A69600018CAB3 /* RegisterWireFrame.swift */,
			);
			path = WireFrame;
			sourceTree = "<group>";
		};
		2976E2ED254A68EC0018CAB3 /* Protocols */ = {
			isa = PBXGroup;
			children = (
				2976E2EE254A69100018CAB3 /* RegisterProtocols.swift */,
			);
			path = Protocols;
			sourceTree = "<group>";
		};
/* End PBXGroup section */

/* Begin PBXNativeTarget section */
		2976E2BC254A55C70018CAB3 /* LoginApp */ = {
			isa = PBXNativeTarget;
			buildConfigurationList = 2976E2D1254A55CE0018CAB3 /* Build configuration list for PBXNativeTarget "LoginApp" */;
			buildPhases = (
				2976E2B9254A55C70018CAB3 /* Sources */,
				2976E2BA254A55C70018CAB3 /* Frameworks */,
				2976E2BB254A55C70018CAB3 /* Resources */,
			);
			buildRules = (
			);
			dependencies = (
			);
			name = LoginApp;
			productName = LoginApp;
			productReference = 2976E2BD254A55C70018CAB3 /* LoginApp.app */;
			productType = "com.apple.product-type.application";
		};
/* End PBXNativeTarget section */

/* Begin PBXProject section */
		2976E2B5254A55C60018CAB3 /* Project object */ = {
			isa = PBXProject;
			attributes = {
				LastSwiftUpdateCheck = 1130;
				LastUpgradeCheck = 1130;
				ORGANIZATIONNAME = "Ranferi Dominguez Rios";
				TargetAttributes = {
					2976E2BC254A55C70018CAB3 = {
						CreatedOnToolsVersion = 11.3.1;
					};
				};
			};
			buildConfigurationList = 2976E2B8254A55C60018CAB3 /* Build configuration list for PBXProject "LoginApp" */;
			compatibilityVersion = "Xcode 9.3";
			developmentRegion = en;
			hasScannedForEncodings = 0;
			knownRegions = (
				en,
				Base,
			);
			mainGroup = 2976E2B4254A55C60018CAB3;
			productRefGroup = 2976E2BE254A55C70018CAB3 /* Products */;
			projectDirPath = "";
			projectRoot = "";
			targets = (
				2976E2BC254A55C70018CAB3 /* LoginApp */,
			);
		};
/* End PBXProject section */

/* Begin PBXResourcesBuildPhase section */
		2976E2BB254A55C70018CAB3 /* Resources */ = {
			isa = PBXResourcesBuildPhase;
			buildActionMask = 2147483647;
			files = (
				2976E2D8254A56270018CAB3 /* Login.storyboard in Resources */,
				2976E2CD254A55CE0018CAB3 /* LaunchScreen.storyboard in Resources */,
				2976E2CA254A55CE0018CAB3 /* Assets.xcassets in Resources */,
				2976E2C8254A55C70018CAB3 /* Main.storyboard in Resources */,
				2976E2E9254A681C0018CAB3 /* Register.storyboard in Resources */,
			);
			runOnlyForDeploymentPostprocessing = 0;
		};
/* End PBXResourcesBuildPhase section */

/* Begin PBXSourcesBuildPhase section */
		2976E2B9254A55C70018CAB3 /* Sources */ = {
			isa = PBXSourcesBuildPhase;
			buildActionMask = 2147483647;
			files = (
				2976E2DA254A568F0018CAB3 /* LoginViewController.swift in Sources */,
				2976E2F1254A69600018CAB3 /* RegisterWireFrame.swift in Sources */,
				2976E2F3254A69E90018CAB3 /* RegisterController.swift in Sources */,
				2976E2E0254A594A0018CAB3 /* LoginController.swift in Sources */,
				2976E2DD254A56FE0018CAB3 /* LoginProtocols.swift in Sources */,
				2976E2EF254A69100018CAB3 /* RegisterProtocols.swift in Sources */,
				2976E2EB254A683B0018CAB3 /* RegisterViewController.swift in Sources */,
				2976E2C5254A55C70018CAB3 /* ViewController.swift in Sources */,
				2976E2E4254A656D0018CAB3 /* LoginWireframe.swift in Sources */,
				2976E2C1254A55C70018CAB3 /* AppDelegate.swift in Sources */,
				2976E2C3254A55C70018CAB3 /* SceneDelegate.swift in Sources */,
			);
			runOnlyForDeploymentPostprocessing = 0;
		};
/* End PBXSourcesBuildPhase section */

/* Begin PBXVariantGroup section */
		2976E2C6254A55C70018CAB3 /* Main.storyboard */ = {
			isa = PBXVariantGroup;
			children = (
				2976E2C7254A55C70018CAB3 /* Base */,
			);
			name = Main.storyboard;
			sourceTree = "<group>";
		};
		2976E2CB254A55CE0018CAB3 /* LaunchScreen.storyboard */ = {
			isa = PBXVariantGroup;
			children = (
				2976E2CC254A55CE0018CAB3 /* Base */,
			);
			name = LaunchScreen.storyboard;
			sourceTree = "<group>";
		};
/* End PBXVariantGroup section */

/* Begin XCBuildConfiguration section */
		2976E2CF254A55CE0018CAB3 /* Debug */ = {
			isa = XCBuildConfiguration;
			buildSettings = {
				ALWAYS_SEARCH_USER_PATHS = NO;
				CLANG_ANALYZER_NONNULL = YES;
				CLANG_ANALYZER_NUMBER_OBJECT_CONVERSION = YES_AGGRESSIVE;
				CLANG_CXX_LANGUAGE_STANDARD = "gnu++14";
				CLANG_CXX_LIBRARY = "libc++";
				CLANG_ENABLE_MODULES = YES;
				CLANG_ENABLE_OBJC_ARC = YES;
				CLANG_ENABLE_OBJC_WEAK = YES;
				CLANG_WARN_BLOCK_CAPTURE_AUTORELEASING = YES;
				CLANG_WARN_BOOL_CONVERSION = YES;
				CLANG_WARN_COMMA = YES;
				CLANG_WARN_CONSTANT_CONVERSION = YES;
				CLANG_WARN_DEPRECATED_OBJC_IMPLEMENTATIONS = YES;
				CLANG_WARN_DIRECT_OBJC_ISA_USAGE = YES_ERROR;
				CLANG_WARN_DOCUMENTATION_COMMENTS = YES;
				CLANG_WARN_EMPTY_BODY = YES;
				CLANG_WARN_ENUM_CONVERSION = YES;
				CLANG_WARN_INFINITE_RECURSION = YES;
				CLANG_WARN_INT_CONVERSION = YES;
				CLANG_WARN_NON_LITERAL_NULL_CONVERSION = YES;
				CLANG_WARN_OBJC_IMPLICIT_RETAIN_SELF = YES;
				CLANG_WARN_OBJC_LITERAL_CONVERSION = YES;
				CLANG_WARN_OBJC_ROOT_CLASS = YES_ERROR;
				CLANG_WARN_RANGE_LOOP_ANALYSIS = YES;
				CLANG_WARN_STRICT_PROTOTYPES = YES;
				CLANG_WARN_SUSPICIOUS_MOVE = YES;
				CLANG_WARN_UNGUARDED_AVAILABILITY = YES_AGGRESSIVE;
				CLANG_WARN_UNREACHABLE_CODE = YES;
				CLANG_WARN__DUPLICATE_METHOD_MATCH = YES;
				COPY_PHASE_STRIP = NO;
				DEBUG_INFORMATION_FORMAT = dwarf;
				ENABLE_STRICT_OBJC_MSGSEND = YES;
				ENABLE_TESTABILITY = YES;
				GCC_C_LANGUAGE_STANDARD = gnu11;
				GCC_DYNAMIC_NO_PIC = NO;
				GCC_NO_COMMON_BLOCKS = YES;
				GCC_OPTIMIZATION_LEVEL = 0;
				GCC_PREPROCESSOR_DEFINITIONS = (
					"DEBUG=1",
					"$(inherited)",
				);
				GCC_WARN_64_TO_32_BIT_CONVERSION = YES;
				GCC_WARN_ABOUT_RETURN_TYPE = YES_ERROR;
				GCC_WARN_UNDECLARED_SELECTOR = YES;
				GCC_WARN_UNINITIALIZED_AUTOS = YES_AGGRESSIVE;
				GCC_WARN_UNUSED_FUNCTION = YES;
				GCC_WARN_UNUSED_VARIABLE = YES;
				IPHONEOS_DEPLOYMENT_TARGET = 13.2;
				MTL_ENABLE_DEBUG_INFO = INCLUDE_SOURCE;
				MTL_FAST_MATH = YES;
				ONLY_ACTIVE_ARCH = YES;
				SDKROOT = iphoneos;
				SWIFT_ACTIVE_COMPILATION_CONDITIONS = DEBUG;
				SWIFT_OPTIMIZATION_LEVEL = "-Onone";
			};
			name = Debug;
		};
		2976E2D0254A55CE0018CAB3 /* Release */ = {
			isa = XCBuildConfiguration;
			buildSettings = {
				ALWAYS_SEARCH_USER_PATHS = NO;
				CLANG_ANALYZER_NONNULL = YES;
				CLANG_ANALYZER_NUMBER_OBJECT_CONVERSION = YES_AGGRESSIVE;
				CLANG_CXX_LANGUAGE_STANDARD = "gnu++14";
				CLANG_CXX_LIBRARY = "libc++";
				CLANG_ENABLE_MODULES = YES;
				CLANG_ENABLE_OBJC_ARC = YES;
				CLANG_ENABLE_OBJC_WEAK = YES;
				CLANG_WARN_BLOCK_CAPTURE_AUTORELEASING = YES;
				CLANG_WARN_BOOL_CONVERSION = YES;
				CLANG_WARN_COMMA = YES;
				CLANG_WARN_CONSTANT_CONVERSION = YES;
				CLANG_WARN_DEPRECATED_OBJC_IMPLEMENTATIONS = YES;
				CLANG_WARN_DIRECT_OBJC_ISA_USAGE = YES_ERROR;
				CLANG_WARN_DOCUMENTATION_COMMENTS = YES;
				CLANG_WARN_EMPTY_BODY = YES;
				CLANG_WARN_ENUM_CONVERSION = YES;
				CLANG_WARN_INFINITE_RECURSION = YES;
				CLANG_WARN_INT_CONVERSION = YES;
				CLANG_WARN_NON_LITERAL_NULL_CONVERSION = YES;
				CLANG_WARN_OBJC_IMPLICIT_RETAIN_SELF = YES;
				CLANG_WARN_OBJC_LITERAL_CONVERSION = YES;
				CLANG_WARN_OBJC_ROOT_CLASS = YES_ERROR;
				CLANG_WARN_RANGE_LOOP_ANALYSIS = YES;
				CLANG_WARN_STRICT_PROTOTYPES = YES;
				CLANG_WARN_SUSPICIOUS_MOVE = YES;
				CLANG_WARN_UNGUARDED_AVAILABILITY = YES_AGGRESSIVE;
				CLANG_WARN_UNREACHABLE_CODE = YES;
				CLANG_WARN__DUPLICATE_METHOD_MATCH = YES;
				COPY_PHASE_STRIP = NO;
				DEBUG_INFORMATION_FORMAT = "dwarf-with-dsym";
				ENABLE_NS_ASSERTIONS = NO;
				ENABLE_STRICT_OBJC_MSGSEND = YES;
				GCC_C_LANGUAGE_STANDARD = gnu11;
				GCC_NO_COMMON_BLOCKS = YES;
				GCC_WARN_64_TO_32_BIT_CONVERSION = YES;
				GCC_WARN_ABOUT_RETURN_TYPE = YES_ERROR;
				GCC_WARN_UNDECLARED_SELECTOR = YES;
				GCC_WARN_UNINITIALIZED_AUTOS = YES_AGGRESSIVE;
				GCC_WARN_UNUSED_FUNCTION = YES;
				GCC_WARN_UNUSED_VARIABLE = YES;
				IPHONEOS_DEPLOYMENT_TARGET = 13.2;
				MTL_ENABLE_DEBUG_INFO = NO;
				MTL_FAST_MATH = YES;
				SDKROOT = iphoneos;
				SWIFT_COMPILATION_MODE = wholemodule;
				SWIFT_OPTIMIZATION_LEVEL = "-O";
				VALIDATE_PRODUCT = YES;
			};
			name = Release;
		};
		2976E2D2254A55CE0018CAB3 /* Debug */ = {
			isa = XCBuildConfiguration;
			buildSettings = {
				ASSETCATALOG_COMPILER_APPICON_NAME = AppIcon;
				CODE_SIGN_STYLE = Automatic;
				DEVELOPMENT_TEAM = NFFHJ8WBTV;
				INFOPLIST_FILE = LoginApp/Info.plist;
				LD_RUNPATH_SEARCH_PATHS = (
					"$(inherited)",
					"@executable_path/Frameworks",
				);
				PRODUCT_BUNDLE_IDENTIFIER = Bootcamp.LoginApp;
				PRODUCT_NAME = "$(TARGET_NAME)";
				SWIFT_VERSION = 5.0;
				TARGETED_DEVICE_FAMILY = "1,2";
			};
			name = Debug;
		};
		2976E2D3254A55CE0018CAB3 /* Release */ = {
			isa = XCBuildConfiguration;
			buildSettings = {
				ASSETCATALOG_COMPILER_APPICON_NAME = AppIcon;
				CODE_SIGN_STYLE = Automatic;
				DEVELOPMENT_TEAM = NFFHJ8WBTV;
				INFOPLIST_FILE = LoginApp/Info.plist;
				LD_RUNPATH_SEARCH_PATHS = (
					"$(inherited)",
					"@executable_path/Frameworks",
				);
				PRODUCT_BUNDLE_IDENTIFIER = Bootcamp.LoginApp;
				PRODUCT_NAME = "$(TARGET_NAME)";
				SWIFT_VERSION = 5.0;
				TARGETED_DEVICE_FAMILY = "1,2";
			};
			name = Release;
		};
/* End XCBuildConfiguration section */

/* Begin XCConfigurationList section */
		2976E2B8254A55C60018CAB3 /* Build configuration list for PBXProject "LoginApp" */ = {
			isa = XCConfigurationList;
			buildConfigurations = (
				2976E2CF254A55CE0018CAB3 /* Debug */,
				2976E2D0254A55CE0018CAB3 /* Release */,
			);
			defaultConfigurationIsVisible = 0;
			defaultConfigurationName = Release;
		};
		2976E2D1254A55CE0018CAB3 /* Build configuration list for PBXNativeTarget "LoginApp" */ = {
			isa = XCConfigurationList;
			buildConfigurations = (
				2976E2D2254A55CE0018CAB3 /* Debug */,
				2976E2D3254A55CE0018CAB3 /* Release */,
			);
			defaultConfigurationIsVisible = 0;
			defaultConfigurationName = Release;
		};
/* End XCConfigurationList section */
	};
	rootObject = 2976E2B5254A55C60018CAB3 /* Project object */;
}
